
Microsoft Visual Studio Solution File, Format Version 12.00
# Visual Studio 15
VisualStudioVersion = 15.0.28010.2046
MinimumVisualStudioVersion = 10.0.40219.1
Project("{888888A0-9F3D-457C-B088-3A5042F75D52}") = "Curator", "Curator\Curator.pyproj", "{4845C8B0-388F-4C63-BCD4-E81759E8A222}"
EndProject
Global
	GlobalSection(SolutionConfigurationPlatforms) = preSolution
		Debug|Any CPU = Debug|Any CPU
		Release|Any CPU = Release|Any CPU
	EndGlobalSection
	GlobalSection(ProjectConfigurationPlatforms) = postSolution
		{4845C8B0-388F-4C63-BCD4-E81759E8A222}.Debug|Any CPU.ActiveCfg = Debug|Any CPU
		{4845C8B0-388F-4C63-BCD4-E81759E8A222}.Release|Any CPU.ActiveCfg = Release|Any CPU
	EndGlobalSection
	GlobalSection(SolutionProperties) = preSolution
		HideSolutionNode = FALSE
	EndGlobalSection
	GlobalSection(ExtensibilityGlobals) = postSolution
		SolutionGuid = {6E0C847F-9A79-479C-A8FD-9DC68E8DAEA4}
	EndGlobalSection
EndGlobal
